
Microsoft Visual Studio Solution File, Format Version 12.00
# Visual Studio Version 17
VisualStudioVersion = 17.1.32421.90
MinimumVisualStudioVersion = 10.0.40219.1
Project("{FAE04EC0-301F-11D3-BF4B-00C04F79EFBC}") = "ExercisesAPI", "ExercisesAPI\ExercisesAPI.csproj", "{E4F297D5-7E31-4248-956B-AE7A761085F4}"
EndProject
Global
	GlobalSection(SolutionConfigurationPlatforms) = preSolution
		Debug|Any CPU = Debug|Any CPU
		Release|Any CPU = Release|Any CPU
	EndGlobalSection
	GlobalSection(ProjectConfigurationPlatforms) = postSolution
		{E4F297D5-7E31-4248-956B-AE7A761085F4}.Debug|Any CPU.ActiveCfg = Debug|Any CPU
		{E4F297D5-7E31-4248-956B-AE7A761085F4}.Debug|Any CPU.Build.0 = Debug|Any CPU
		{E4F297D5-7E31-4248-956B-AE7A761085F4}.Release|Any CPU.ActiveCfg = Release|Any CPU
		{E4F297D5-7E31-4248-956B-AE7A761085F4}.Release|Any CPU.Build.0 = Release|Any CPU
	EndGlobalSection
	GlobalSection(SolutionProperties) = preSolution
		HideSolutionNode = FALSE
	EndGlobalSection
	GlobalSection(ExtensibilityGlobals) = postSolution
		SolutionGuid = {C1F6B1EF-A56D-4D1C-9DD8-C96D9BE2C948}
	EndGlobalSection
EndGlobal
