
Microsoft Visual Studio Solution File, Format Version 12.00
# Visual Studio Version 17
VisualStudioVersion = 17.1.32421.90
MinimumVisualStudioVersion = 10.0.40219.1
Project("{FAE04EC0-301F-11D3-BF4B-00C04F79EFBC}") = "CaseStudy", "CaseStudy\CaseStudy.csproj", "{4F255E22-C4CA-403C-B814-7C1334FEFDC2}"
EndProject
Global
	GlobalSection(SolutionConfigurationPlatforms) = preSolution
		Debug|Any CPU = Debug|Any CPU
		Release|Any CPU = Release|Any CPU
	EndGlobalSection
	GlobalSection(ProjectConfigurationPlatforms) = postSolution
		{4F255E22-C4CA-403C-B814-7C1334FEFDC2}.Debug|Any CPU.ActiveCfg = Debug|Any CPU
		{4F255E22-C4CA-403C-B814-7C1334FEFDC2}.Debug|Any CPU.Build.0 = Debug|Any CPU
		{4F255E22-C4CA-403C-B814-7C1334FEFDC2}.Release|Any CPU.ActiveCfg = Release|Any CPU
		{4F255E22-C4CA-403C-B814-7C1334FEFDC2}.Release|Any CPU.Build.0 = Release|Any CPU
	EndGlobalSection
	GlobalSection(SolutionProperties) = preSolution
		HideSolutionNode = FALSE
	EndGlobalSection
	GlobalSection(ExtensibilityGlobals) = postSolution
		SolutionGuid = {28BECCB9-7DAC-4B70-AEFD-626A10F99E92}
	EndGlobalSection
EndGlobal
